
Microsoft Visual Studio Solution File, Format Version 12.00
# Visual Studio Version 16
VisualStudioVersion = 16.0.30011.22
MinimumVisualStudioVersion = 10.0.40219.1
Project("{FAE04EC0-301F-11D3-BF4B-00C04F79EFBC}") = "ExportadorExcel", "ExportadorExcel\ExportadorExcel.csproj", "{A13D5585-4603-4B0B-B859-9F39FD8FEF28}"
EndProject
Project("{FAE04EC0-301F-11D3-BF4B-00C04F79EFBC}") = "ExportadorExcel.Tests", "ExportadorExcel.Tests\ExportadorExcel.Tests.csproj", "{0623B671-4E19-4E3F-9F51-7D5C696C77E1}"
EndProject
Project("{FAE04EC0-301F-11D3-BF4B-00C04F79EFBC}") = "ExportadorExcel.API", "ExportadorExcel.API\ExportadorExcel.API.csproj", "{93204344-288F-4FE6-87E6-A002E404419C}"
EndProject
Global
	GlobalSection(SolutionConfigurationPlatforms) = preSolution
		Debug|Any CPU = Debug|Any CPU
		Release|Any CPU = Release|Any CPU
	EndGlobalSection
	GlobalSection(ProjectConfigurationPlatforms) = postSolution
		{A13D5585-4603-4B0B-B859-9F39FD8FEF28}.Debug|Any CPU.ActiveCfg = Debug|Any CPU
		{A13D5585-4603-4B0B-B859-9F39FD8FEF28}.Debug|Any CPU.Build.0 = Debug|Any CPU
		{A13D5585-4603-4B0B-B859-9F39FD8FEF28}.Release|Any CPU.ActiveCfg = Release|Any CPU
		{A13D5585-4603-4B0B-B859-9F39FD8FEF28}.Release|Any CPU.Build.0 = Release|Any CPU
		{0623B671-4E19-4E3F-9F51-7D5C696C77E1}.Debug|Any CPU.ActiveCfg = Debug|Any CPU
		{0623B671-4E19-4E3F-9F51-7D5C696C77E1}.Debug|Any CPU.Build.0 = Debug|Any CPU
		{0623B671-4E19-4E3F-9F51-7D5C696C77E1}.Release|Any CPU.ActiveCfg = Release|Any CPU
		{0623B671-4E19-4E3F-9F51-7D5C696C77E1}.Release|Any CPU.Build.0 = Release|Any CPU
		{93204344-288F-4FE6-87E6-A002E404419C}.Debug|Any CPU.ActiveCfg = Debug|Any CPU
		{93204344-288F-4FE6-87E6-A002E404419C}.Debug|Any CPU.Build.0 = Debug|Any CPU
		{93204344-288F-4FE6-87E6-A002E404419C}.Release|Any CPU.ActiveCfg = Release|Any CPU
		{93204344-288F-4FE6-87E6-A002E404419C}.Release|Any CPU.Build.0 = Release|Any CPU
	EndGlobalSection
	GlobalSection(SolutionProperties) = preSolution
		HideSolutionNode = FALSE
	EndGlobalSection
	GlobalSection(ExtensibilityGlobals) = postSolution
		SolutionGuid = {89B12E55-284B-4571-AC53-48F9A950EC91}
	EndGlobalSection
EndGlobal
